
Microsoft Visual Studio Solution File, Format Version 12.00
# Visual Studio Version 17
VisualStudioVersion = 17.9.34714.143
MinimumVisualStudioVersion = 10.0.40219.1
Project("{9A19103F-16F7-4668-BE54-9A1E7A4F7556}") = "ProblemSolvingPractice", "ProblemSolvingPractice\ProblemSolvingPractice.csproj", "{A68829AF-09C9-493C-8EBE-5A416621A2AF}"
EndProject
Project("{9A19103F-16F7-4668-BE54-9A1E7A4F7556}") = "Array", "Array\Array.csproj", "{27E2F936-97D2-45FE-AB54-8FC4ABDD3868}"
EndProject
Project("{9A19103F-16F7-4668-BE54-9A1E7A4F7556}") = "SlidingWindow", "SlidingWindow\SlidingWindow.csproj", "{B36112BF-B21D-44D4-83C9-76F559FB9105}"
EndProject
Project("{9A19103F-16F7-4668-BE54-9A1E7A4F7556}") = "TwoPointer", "TwoPointer\TwoPointer.csproj", "{5DFA4CD7-E8F7-47F3-B5F2-31696303159B}"
EndProject
Project("{FAE04EC0-301F-11D3-BF4B-00C04F79EFBC}") = "LinkedListRelatedproblem", "LinkedListRelatedproblem\LinkedListRelatedproblem.csproj", "{97F43D75-81DC-408E-AE42-428FC6EE5DC3}"
EndProject
Global
	GlobalSection(SolutionConfigurationPlatforms) = preSolution
		Debug|Any CPU = Debug|Any CPU
		Release|Any CPU = Release|Any CPU
	EndGlobalSection
	GlobalSection(ProjectConfigurationPlatforms) = postSolution
		{A68829AF-09C9-493C-8EBE-5A416621A2AF}.Debug|Any CPU.ActiveCfg = Debug|Any CPU
		{A68829AF-09C9-493C-8EBE-5A416621A2AF}.Debug|Any CPU.Build.0 = Debug|Any CPU
		{A68829AF-09C9-493C-8EBE-5A416621A2AF}.Release|Any CPU.ActiveCfg = Release|Any CPU
		{A68829AF-09C9-493C-8EBE-5A416621A2AF}.Release|Any CPU.Build.0 = Release|Any CPU
		{27E2F936-97D2-45FE-AB54-8FC4ABDD3868}.Debug|Any CPU.ActiveCfg = Debug|Any CPU
		{27E2F936-97D2-45FE-AB54-8FC4ABDD3868}.Debug|Any CPU.Build.0 = Debug|Any CPU
		{27E2F936-97D2-45FE-AB54-8FC4ABDD3868}.Release|Any CPU.ActiveCfg = Release|Any CPU
		{27E2F936-97D2-45FE-AB54-8FC4ABDD3868}.Release|Any CPU.Build.0 = Release|Any CPU
		{B36112BF-B21D-44D4-83C9-76F559FB9105}.Debug|Any CPU.ActiveCfg = Debug|Any CPU
		{B36112BF-B21D-44D4-83C9-76F559FB9105}.Debug|Any CPU.Build.0 = Debug|Any CPU
		{B36112BF-B21D-44D4-83C9-76F559FB9105}.Release|Any CPU.ActiveCfg = Release|Any CPU
		{B36112BF-B21D-44D4-83C9-76F559FB9105}.Release|Any CPU.Build.0 = Release|Any CPU
		{5DFA4CD7-E8F7-47F3-B5F2-31696303159B}.Debug|Any CPU.ActiveCfg = Debug|Any CPU
		{5DFA4CD7-E8F7-47F3-B5F2-31696303159B}.Debug|Any CPU.Build.0 = Debug|Any CPU
		{5DFA4CD7-E8F7-47F3-B5F2-31696303159B}.Release|Any CPU.ActiveCfg = Release|Any CPU
		{5DFA4CD7-E8F7-47F3-B5F2-31696303159B}.Release|Any CPU.Build.0 = Release|Any CPU
		{97F43D75-81DC-408E-AE42-428FC6EE5DC3}.Debug|Any CPU.ActiveCfg = Debug|Any CPU
		{97F43D75-81DC-408E-AE42-428FC6EE5DC3}.Debug|Any CPU.Build.0 = Debug|Any CPU
		{97F43D75-81DC-408E-AE42-428FC6EE5DC3}.Release|Any CPU.ActiveCfg = Release|Any CPU
		{97F43D75-81DC-408E-AE42-428FC6EE5DC3}.Release|Any CPU.Build.0 = Release|Any CPU
	EndGlobalSection
	GlobalSection(SolutionProperties) = preSolution
		HideSolutionNode = FALSE
	EndGlobalSection
	GlobalSection(ExtensibilityGlobals) = postSolution
		SolutionGuid = {E7F94E7F-BBD9-491E-8848-159751DE7C77}
	EndGlobalSection
EndGlobal
